
Microsoft Visual Studio Solution File, Format Version 12.00
# Visual Studio Version 17
VisualStudioVersion = 17.8.34330.188
MinimumVisualStudioVersion = 10.0.40219.1
Project("{FAE04EC0-301F-11D3-BF4B-00C04F79EFBC}") = "DemoToastInBlazorWebApp", "DemoToastInBlazorWebApp\DemoToastInBlazorWebApp.csproj", "{2BDCC939-691E-44A1-92BD-2007CB6EAE2C}"
EndProject
Global
	GlobalSection(SolutionConfigurationPlatforms) = preSolution
		Debug|Any CPU = Debug|Any CPU
		Release|Any CPU = Release|Any CPU
	EndGlobalSection
	GlobalSection(ProjectConfigurationPlatforms) = postSolution
		{2BDCC939-691E-44A1-92BD-2007CB6EAE2C}.Debug|Any CPU.ActiveCfg = Debug|Any CPU
		{2BDCC939-691E-44A1-92BD-2007CB6EAE2C}.Debug|Any CPU.Build.0 = Debug|Any CPU
		{2BDCC939-691E-44A1-92BD-2007CB6EAE2C}.Release|Any CPU.ActiveCfg = Release|Any CPU
		{2BDCC939-691E-44A1-92BD-2007CB6EAE2C}.Release|Any CPU.Build.0 = Release|Any CPU
	EndGlobalSection
	GlobalSection(SolutionProperties) = preSolution
		HideSolutionNode = FALSE
	EndGlobalSection
	GlobalSection(ExtensibilityGlobals) = postSolution
		SolutionGuid = {04090236-4C90-41B4-B89E-7DCE6DE9AE18}
	EndGlobalSection
EndGlobal
